{
  "name": "pdf-dwg-to-image",
  "version": "1.0.0",
  "lockfileVersion": 3,
  "requires": true,
  "packages": {
    "": {
      "name": "pdf-dwg-to-image",
      "version": "1.0.0",
      "license": "ISC",
      "dependencies": {
        "imagemagick": "^0.1.3",
        "pdf-poppler": "^0.2.1"
      }
    },
    "node_modules/imagemagick": {
      "version": "0.1.3",
      "resolved": "https://registry.npmjs.org/imagemagick/-/imagemagick-0.1.3.tgz",
      "integrity": "sha512-HIwwW10UdwsWcHETt5BPrnEkaJSFLiW1dYDlPYV0EXyj2zJY28iXimPWlZDsOpxVghmF5EuUjYOvJZhZS4Y10g=="
    },
    "node_modules/pdf-poppler": {
      "version": "0.2.1",
      "resolved": "https://registry.npmjs.org/pdf-poppler/-/pdf-poppler-0.2.1.tgz",
      "integrity": "sha512-ilrm02mfsha1pR1wmiVKNRIkjvSo70gorg3DIPOzCl6pFU5S39z+gTHLiwIKn808H4YVYVnm6JstUhGNfiGKXg=="
    }
  }
}
